
Microsoft Visual Studio Solution File, Format Version 12.00
# Visual Studio Version 16
VisualStudioVersion = 16.0.30804.86
MinimumVisualStudioVersion = 10.0.40219.1
Project("{FAE04EC0-301F-11D3-BF4B-00C04F79EFBC}") = "opc", "opc\opc.csproj", "{FECBBDC3-DDB2-4962-B644-C15422D06D9B}"
EndProject
Global
	GlobalSection(SolutionConfigurationPlatforms) = preSolution
		Debug|Any CPU = Debug|Any CPU
		Debug|x86 = Debug|x86
		Release|Any CPU = Release|Any CPU
		Release|x86 = Release|x86
	EndGlobalSection
	GlobalSection(ProjectConfigurationPlatforms) = postSolution
		{FECBBDC3-DDB2-4962-B644-C15422D06D9B}.Debug|Any CPU.ActiveCfg = Debug|Any CPU
		{FECBBDC3-DDB2-4962-B644-C15422D06D9B}.Debug|Any CPU.Build.0 = Debug|Any CPU
		{FECBBDC3-DDB2-4962-B644-C15422D06D9B}.Debug|x86.ActiveCfg = Debug|x86
		{FECBBDC3-DDB2-4962-B644-C15422D06D9B}.Debug|x86.Build.0 = Debug|x86
		{FECBBDC3-DDB2-4962-B644-C15422D06D9B}.Release|Any CPU.ActiveCfg = Release|Any CPU
		{FECBBDC3-DDB2-4962-B644-C15422D06D9B}.Release|Any CPU.Build.0 = Release|Any CPU
		{FECBBDC3-DDB2-4962-B644-C15422D06D9B}.Release|x86.ActiveCfg = Release|x86
		{FECBBDC3-DDB2-4962-B644-C15422D06D9B}.Release|x86.Build.0 = Release|x86
	EndGlobalSection
	GlobalSection(SolutionProperties) = preSolution
		HideSolutionNode = FALSE
	EndGlobalSection
	GlobalSection(ExtensibilityGlobals) = postSolution
		SolutionGuid = {A0B41D07-FD63-4609-ADCE-90262B362496}
	EndGlobalSection
EndGlobal
